// !$*UTF8*$!
{
	archiveVersion = 1;
	classes = {
	};
	objectVersion = 55;
	objects = {

/* Begin PBXBuildFile section */
		0F835D1F28A3AD5900378C5C /* AppDelegate.swift in Sources */ = {isa = PBXBuildFile; fileRef = 0F835D1E28A3AD5900378C5C /* AppDelegate.swift */; };
		0F835D2128A3AD5900378C5C /* SceneDelegate.swift in Sources */ = {isa = PBXBuildFile; fileRef = 0F835D2028A3AD5900378C5C /* SceneDelegate.swift */; };
		0F835D2328A3AD5900378C5C /* ViewController.swift in Sources */ = {isa = PBXBuildFile; fileRef = 0F835D2228A3AD5900378C5C /* ViewController.swift */; };
		0F835D2828A3AD5D00378C5C /* Assets.xcassets in Resources */ = {isa = PBXBuildFile; fileRef = 0F835D2728A3AD5D00378C5C /* Assets.xcassets */; };
		0F835D3628A3AD5D00378C5C /* HSBC_connectTests.swift in Sources */ = {isa = PBXBuildFile; fileRef = 0F835D3528A3AD5D00378C5C /* HSBC_connectTests.swift */; };
		0F835D4028A3AD5D00378C5C /* HSBC_connectUITests.swift in Sources */ = {isa = PBXBuildFile; fileRef = 0F835D3F28A3AD5D00378C5C /* HSBC_connectUITests.swift */; };
		0F835D4228A3AD5D00378C5C /* HSBC_connectUITestsLaunchTests.swift in Sources */ = {isa = PBXBuildFile; fileRef = 0F835D4128A3AD5D00378C5C /* HSBC_connectUITestsLaunchTests.swift */; };
		0F835D4F28A3DC7D00378C5C /* Main.storyboard in Resources */ = {isa = PBXBuildFile; fileRef = 0F835D4E28A3DC7D00378C5C /* Main.storyboard */; };
		0FAB7F6628A45849005D8659 /* News.storyboard in Resources */ = {isa = PBXBuildFile; fileRef = 0FAB7F6528A45848005D8659 /* News.storyboard */; };
		0FAB7F6928A458B2005D8659 /* HSBChat.storyboard in Resources */ = {isa = PBXBuildFile; fileRef = 0FAB7F6828A458B2005D8659 /* HSBChat.storyboard */; };
		0FAB7F6B28A458DE005D8659 /* HSBC University.storyboard in Resources */ = {isa = PBXBuildFile; fileRef = 0FAB7F6A28A458DE005D8659 /* HSBC University.storyboard */; };
		42D18D2E28A5BD3A00629FAC /* Settings.storyboard in Resources */ = {isa = PBXBuildFile; fileRef = 42D18D2D28A5BD3A00629FAC /* Settings.storyboard */; };
		42D18D3028A5CAD200629FAC /* ContactUs.storyboard in Resources */ = {isa = PBXBuildFile; fileRef = 42D18D2F28A5CAD200629FAC /* ContactUs.storyboard */; };
/* End PBXBuildFile section */

/* Begin PBXContainerItemProxy section */
		0F835D3228A3AD5D00378C5C /* PBXContainerItemProxy */ = {
			isa = PBXContainerItemProxy;
			containerPortal = 0F835D1328A3AD5900378C5C /* Project object */;
			proxyType = 1;
			remoteGlobalIDString = 0F835D1A28A3AD5900378C5C;
			remoteInfo = "HSBC connect";
		};
		0F835D3C28A3AD5D00378C5C /* PBXContainerItemProxy */ = {
			isa = PBXContainerItemProxy;
			containerPortal = 0F835D1328A3AD5900378C5C /* Project object */;
			proxyType = 1;
			remoteGlobalIDString = 0F835D1A28A3AD5900378C5C;
			remoteInfo = "HSBC connect";
		};
/* End PBXContainerItemProxy section */

/* Begin PBXFileReference section */
		0F835D1B28A3AD5900378C5C /* HSBC connect.app */ = {isa = PBXFileReference; explicitFileType = wrapper.application; includeInIndex = 0; path = "HSBC connect.app"; sourceTree = BUILT_PRODUCTS_DIR; };
		0F835D1E28A3AD5900378C5C /* AppDelegate.swift */ = {isa = PBXFileReference; lastKnownFileType = sourcecode.swift; path = AppDelegate.swift; sourceTree = "<group>"; };
		0F835D2028A3AD5900378C5C /* SceneDelegate.swift */ = {isa = PBXFileReference; lastKnownFileType = sourcecode.swift; path = SceneDelegate.swift; sourceTree = "<group>"; };
		0F835D2228A3AD5900378C5C /* ViewController.swift */ = {isa = PBXFileReference; lastKnownFileType = sourcecode.swift; path = ViewController.swift; sourceTree = "<group>"; };
		0F835D2728A3AD5D00378C5C /* Assets.xcassets */ = {isa = PBXFileReference; lastKnownFileType = folder.assetcatalog; path = Assets.xcassets; sourceTree = "<group>"; };
		0F835D2C28A3AD5D00378C5C /* Info.plist */ = {isa = PBXFileReference; lastKnownFileType = text.plist.xml; path = Info.plist; sourceTree = "<group>"; };
		0F835D3128A3AD5D00378C5C /* HSBC connectTests.xctest */ = {isa = PBXFileReference; explicitFileType = wrapper.cfbundle; includeInIndex = 0; path = "HSBC connectTests.xctest"; sourceTree = BUILT_PRODUCTS_DIR; };
		0F835D3528A3AD5D00378C5C /* HSBC_connectTests.swift */ = {isa = PBXFileReference; lastKnownFileType = sourcecode.swift; path = HSBC_connectTests.swift; sourceTree = "<group>"; };
		0F835D3B28A3AD5D00378C5C /* HSBC connectUITests.xctest */ = {isa = PBXFileReference; explicitFileType = wrapper.cfbundle; includeInIndex = 0; path = "HSBC connectUITests.xctest"; sourceTree = BUILT_PRODUCTS_DIR; };
		0F835D3F28A3AD5D00378C5C /* HSBC_connectUITests.swift */ = {isa = PBXFileReference; lastKnownFileType = sourcecode.swift; path = HSBC_connectUITests.swift; sourceTree = "<group>"; };
		0F835D4128A3AD5D00378C5C /* HSBC_connectUITestsLaunchTests.swift */ = {isa = PBXFileReference; lastKnownFileType = sourcecode.swift; path = HSBC_connectUITestsLaunchTests.swift; sourceTree = "<group>"; };
		0F835D4E28A3DC7D00378C5C /* Main.storyboard */ = {isa = PBXFileReference; lastKnownFileType = file.storyboard; path = Main.storyboard; sourceTree = "<group>"; };
		0FAB7F6528A45848005D8659 /* News.storyboard */ = {isa = PBXFileReference; lastKnownFileType = file.storyboard; path = News.storyboard; sourceTree = "<group>"; };
		0FAB7F6828A458B2005D8659 /* HSBChat.storyboard */ = {isa = PBXFileReference; lastKnownFileType = file.storyboard; path = HSBChat.storyboard; sourceTree = "<group>"; };
		0FAB7F6A28A458DE005D8659 /* HSBC University.storyboard */ = {isa = PBXFileReference; lastKnownFileType = file.storyboard; path = "HSBC University.storyboard"; sourceTree = "<group>"; };
		42D18D2D28A5BD3A00629FAC /* Settings.storyboard */ = {isa = PBXFileReference; lastKnownFileType = file.storyboard; path = Settings.storyboard; sourceTree = "<group>"; };
		42D18D2F28A5CAD200629FAC /* ContactUs.storyboard */ = {isa = PBXFileReference; lastKnownFileType = file.storyboard; path = ContactUs.storyboard; sourceTree = "<group>"; };
/* End PBXFileReference section */

/* Begin PBXFrameworksBuildPhase section */
		0F835D1828A3AD5900378C5C /* Frameworks */ = {
			isa = PBXFrameworksBuildPhase;
			buildActionMask = 2147483647;
			files = (
			);
			runOnlyForDeploymentPostprocessing = 0;
		};
		0F835D2E28A3AD5D00378C5C /* Frameworks */ = {
			isa = PBXFrameworksBuildPhase;
			buildActionMask = 2147483647;
			files = (
			);
			runOnlyForDeploymentPostprocessing = 0;
		};
		0F835D3828A3AD5D00378C5C /* Frameworks */ = {
			isa = PBXFrameworksBuildPhase;
			buildActionMask = 2147483647;
			files = (
			);
			runOnlyForDeploymentPostprocessing = 0;
		};
/* End PBXFrameworksBuildPhase section */

/* Begin PBXGroup section */
		0F835D1228A3AD5900378C5C = {
			isa = PBXGroup;
			children = (
				0F835D1D28A3AD5900378C5C /* HSBC connect */,
				0F835D3428A3AD5D00378C5C /* HSBC connectTests */,
				0F835D3E28A3AD5D00378C5C /* HSBC connectUITests */,
				0F835D1C28A3AD5900378C5C /* Products */,
			);
			sourceTree = "<group>";
		};
		0F835D1C28A3AD5900378C5C /* Products */ = {
			isa = PBXGroup;
			children = (
				0F835D1B28A3AD5900378C5C /* HSBC connect.app */,
				0F835D3128A3AD5D00378C5C /* HSBC connectTests.xctest */,
				0F835D3B28A3AD5D00378C5C /* HSBC connectUITests.xctest */,
			);
			name = Products;
			sourceTree = "<group>";
		};
		0F835D1D28A3AD5900378C5C /* HSBC connect */ = {
			isa = PBXGroup;
			children = (
				0F835D1E28A3AD5900378C5C /* AppDelegate.swift */,
				0F835D2028A3AD5900378C5C /* SceneDelegate.swift */,
				0F835D2228A3AD5900378C5C /* ViewController.swift */,
				0FAB7F6728A45864005D8659 /* Storyboards */,
				0F835D2728A3AD5D00378C5C /* Assets.xcassets */,
				0F835D2C28A3AD5D00378C5C /* Info.plist */,
			);
			path = "HSBC connect";
			sourceTree = "<group>";
		};
		0F835D3428A3AD5D00378C5C /* HSBC connectTests */ = {
			isa = PBXGroup;
			children = (
				0F835D3528A3AD5D00378C5C /* HSBC_connectTests.swift */,
			);
			path = "HSBC connectTests";
			sourceTree = "<group>";
		};
		0F835D3E28A3AD5D00378C5C /* HSBC connectUITests */ = {
			isa = PBXGroup;
			children = (
				0F835D3F28A3AD5D00378C5C /* HSBC_connectUITests.swift */,
				0F835D4128A3AD5D00378C5C /* HSBC_connectUITestsLaunchTests.swift */,
			);
			path = "HSBC connectUITests";
			sourceTree = "<group>";
		};
		0FAB7F6728A45864005D8659 /* Storyboards */ = {
			isa = PBXGroup;
			children = (
				0F835D4E28A3DC7D00378C5C /* Main.storyboard */,
				0FAB7F6528A45848005D8659 /* News.storyboard */,
				0FAB7F6828A458B2005D8659 /* HSBChat.storyboard */,
				0FAB7F6A28A458DE005D8659 /* HSBC University.storyboard */,
				42D18D2D28A5BD3A00629FAC /* Settings.storyboard */,
				42D18D2F28A5CAD200629FAC /* ContactUs.storyboard */,
			);
			path = Storyboards;
			sourceTree = "<group>";
		};
/* End PBXGroup section */

/* Begin PBXNativeTarget section */
		0F835D1A28A3AD5900378C5C /* HSBC connect */ = {
			isa = PBXNativeTarget;
			buildConfigurationList = 0F835D4528A3AD5D00378C5C /* Build configuration list for PBXNativeTarget "HSBC connect" */;
			buildPhases = (
				0F835D1728A3AD5900378C5C /* Sources */,
				0F835D1828A3AD5900378C5C /* Frameworks */,
				0F835D1928A3AD5900378C5C /* Resources */,
			);
			buildRules = (
			);
			dependencies = (
			);
			name = "HSBC connect";
			productName = "HSBC connect";
			productReference = 0F835D1B28A3AD5900378C5C /* HSBC connect.app */;
			productType = "com.apple.product-type.application";
		};
		0F835D3028A3AD5D00378C5C /* HSBC connectTests */ = {
			isa = PBXNativeTarget;
			buildConfigurationList = 0F835D4828A3AD5D00378C5C /* Build configuration list for PBXNativeTarget "HSBC connectTests" */;
			buildPhases = (
				0F835D2D28A3AD5D00378C5C /* Sources */,
				0F835D2E28A3AD5D00378C5C /* Frameworks */,
				0F835D2F28A3AD5D00378C5C /* Resources */,
			);
			buildRules = (
			);
			dependencies = (
				0F835D3328A3AD5D00378C5C /* PBXTargetDependency */,
			);
			name = "HSBC connectTests";
			productName = "HSBC connectTests";
			productReference = 0F835D3128A3AD5D00378C5C /* HSBC connectTests.xctest */;
			productType = "com.apple.product-type.bundle.unit-test";
		};
		0F835D3A28A3AD5D00378C5C /* HSBC connectUITests */ = {
			isa = PBXNativeTarget;
			buildConfigurationList = 0F835D4B28A3AD5D00378C5C /* Build configuration list for PBXNativeTarget "HSBC connectUITests" */;
			buildPhases = (
				0F835D3728A3AD5D00378C5C /* Sources */,
				0F835D3828A3AD5D00378C5C /* Frameworks */,
				0F835D3928A3AD5D00378C5C /* Resources */,
			);
			buildRules = (
			);
			dependencies = (
				0F835D3D28A3AD5D00378C5C /* PBXTargetDependency */,
			);
			name = "HSBC connectUITests";
			productName = "HSBC connectUITests";
			productReference = 0F835D3B28A3AD5D00378C5C /* HSBC connectUITests.xctest */;
			productType = "com.apple.product-type.bundle.ui-testing";
		};
/* End PBXNativeTarget section */

/* Begin PBXProject section */
		0F835D1328A3AD5900378C5C /* Project object */ = {
			isa = PBXProject;
			attributes = {
				BuildIndependentTargetsInParallel = 1;
				LastSwiftUpdateCheck = 1320;
				LastUpgradeCheck = 1320;
				TargetAttributes = {
					0F835D1A28A3AD5900378C5C = {
						CreatedOnToolsVersion = 13.2.1;
					};
					0F835D3028A3AD5D00378C5C = {
						CreatedOnToolsVersion = 13.2.1;
						TestTargetID = 0F835D1A28A3AD5900378C5C;
					};
					0F835D3A28A3AD5D00378C5C = {
						CreatedOnToolsVersion = 13.2.1;
						TestTargetID = 0F835D1A28A3AD5900378C5C;
					};
				};
			};
			buildConfigurationList = 0F835D1628A3AD5900378C5C /* Build configuration list for PBXProject "HSBC connect" */;
			compatibilityVersion = "Xcode 13.0";
			developmentRegion = en;
			hasScannedForEncodings = 0;
			knownRegions = (
				en,
				Base,
			);
			mainGroup = 0F835D1228A3AD5900378C5C;
			productRefGroup = 0F835D1C28A3AD5900378C5C /* Products */;
			projectDirPath = "";
			projectRoot = "";
			targets = (
				0F835D1A28A3AD5900378C5C /* HSBC connect */,
				0F835D3028A3AD5D00378C5C /* HSBC connectTests */,
				0F835D3A28A3AD5D00378C5C /* HSBC connectUITests */,
			);
		};
/* End PBXProject section */

/* Begin PBXResourcesBuildPhase section */
		0F835D1928A3AD5900378C5C /* Resources */ = {
			isa = PBXResourcesBuildPhase;
			buildActionMask = 2147483647;
			files = (
				0F835D4F28A3DC7D00378C5C /* Main.storyboard in Resources */,
				0FAB7F6B28A458DE005D8659 /* HSBC University.storyboard in Resources */,
				0FAB7F6628A45849005D8659 /* News.storyboard in Resources */,
				42D18D2E28A5BD3A00629FAC /* Settings.storyboard in Resources */,
				0F835D2828A3AD5D00378C5C /* Assets.xcassets in Resources */,
				42D18D3028A5CAD200629FAC /* ContactUs.storyboard in Resources */,
				0FAB7F6928A458B2005D8659 /* HSBChat.storyboard in Resources */,
			);
			runOnlyForDeploymentPostprocessing = 0;
		};
		0F835D2F28A3AD5D00378C5C /* Resources */ = {
			isa = PBXResourcesBuildPhase;
			buildActionMask = 2147483647;
			files = (
			);
			runOnlyForDeploymentPostprocessing = 0;
		};
		0F835D3928A3AD5D00378C5C /* Resources */ = {
			isa = PBXResourcesBuildPhase;
			buildActionMask = 2147483647;
			files = (
			);
			runOnlyForDeploymentPostprocessing = 0;
		};
/* End PBXResourcesBuildPhase section */

/* Begin PBXSourcesBuildPhase section */
		0F835D1728A3AD5900378C5C /* Sources */ = {
			isa = PBXSourcesBuildPhase;
			buildActionMask = 2147483647;
			files = (
				0F835D2328A3AD5900378C5C /* ViewController.swift in Sources */,
				0F835D1F28A3AD5900378C5C /* AppDelegate.swift in Sources */,
				0F835D2128A3AD5900378C5C /* SceneDelegate.swift in Sources */,
			);
			runOnlyForDeploymentPostprocessing = 0;
		};
		0F835D2D28A3AD5D00378C5C /* Sources */ = {
			isa = PBXSourcesBuildPhase;
			buildActionMask = 2147483647;
			files = (
				0F835D3628A3AD5D00378C5C /* HSBC_connectTests.swift in Sources */,
			);
			runOnlyForDeploymentPostprocessing = 0;
		};
		0F835D3728A3AD5D00378C5C /* Sources */ = {
			isa = PBXSourcesBuildPhase;
			buildActionMask = 2147483647;
			files = (
				0F835D4028A3AD5D00378C5C /* HSBC_connectUITests.swift in Sources */,
				0F835D4228A3AD5D00378C5C /* HSBC_connectUITestsLaunchTests.swift in Sources */,
			);
			runOnlyForDeploymentPostprocessing = 0;
		};
/* End PBXSourcesBuildPhase section */

/* Begin PBXTargetDependency section */
		0F835D3328A3AD5D00378C5C /* PBXTargetDependency */ = {
			isa = PBXTargetDependency;
			target = 0F835D1A28A3AD5900378C5C /* HSBC connect */;
			targetProxy = 0F835D3228A3AD5D00378C5C /* PBXContainerItemProxy */;
		};
		0F835D3D28A3AD5D00378C5C /* PBXTargetDependency */ = {
			isa = PBXTargetDependency;
			target = 0F835D1A28A3AD5900378C5C /* HSBC connect */;
			targetProxy = 0F835D3C28A3AD5D00378C5C /* PBXContainerItemProxy */;
		};
/* End PBXTargetDependency section */

/* Begin XCBuildConfiguration section */
		0F835D4328A3AD5D00378C5C /* Debug */ = {
			isa = XCBuildConfiguration;
			buildSettings = {
				ALWAYS_SEARCH_USER_PATHS = NO;
				CLANG_ANALYZER_NONNULL = YES;
				CLANG_ANALYZER_NUMBER_OBJECT_CONVERSION = YES_AGGRESSIVE;
				CLANG_CXX_LANGUAGE_STANDARD = "gnu++17";
				CLANG_CXX_LIBRARY = "libc++";
				CLANG_ENABLE_MODULES = YES;
				CLANG_ENABLE_OBJC_ARC = YES;
				CLANG_ENABLE_OBJC_WEAK = YES;
				CLANG_WARN_BLOCK_CAPTURE_AUTORELEASING = YES;
				CLANG_WARN_BOOL_CONVERSION = YES;
				CLANG_WARN_COMMA = YES;
				CLANG_WARN_CONSTANT_CONVERSION = YES;
				CLANG_WARN_DEPRECATED_OBJC_IMPLEMENTATIONS = YES;
				CLANG_WARN_DIRECT_OBJC_ISA_USAGE = YES_ERROR;
				CLANG_WARN_DOCUMENTATION_COMMENTS = YES;
				CLANG_WARN_EMPTY_BODY = YES;
				CLANG_WARN_ENUM_CONVERSION = YES;
				CLANG_WARN_INFINITE_RECURSION = YES;
				CLANG_WARN_INT_CONVERSION = YES;
				CLANG_WARN_NON_LITERAL_NULL_CONVERSION = YES;
				CLANG_WARN_OBJC_IMPLICIT_RETAIN_SELF = YES;
				CLANG_WARN_OBJC_LITERAL_CONVERSION = YES;
				CLANG_WARN_OBJC_ROOT_CLASS = YES_ERROR;
				CLANG_WARN_QUOTED_INCLUDE_IN_FRAMEWORK_HEADER = YES;
				CLANG_WARN_RANGE_LOOP_ANALYSIS = YES;
				CLANG_WARN_STRICT_PROTOTYPES = YES;
				CLANG_WARN_SUSPICIOUS_MOVE = YES;
				CLANG_WARN_UNGUARDED_AVAILABILITY = YES_AGGRESSIVE;
				CLANG_WARN_UNREACHABLE_CODE = YES;
				CLANG_WARN__DUPLICATE_METHOD_MATCH = YES;
				COPY_PHASE_STRIP = NO;
				DEBUG_INFORMATION_FORMAT = dwarf;
				ENABLE_STRICT_OBJC_MSGSEND = YES;
				ENABLE_TESTABILITY = YES;
				GCC_C_LANGUAGE_STANDARD = gnu11;
				GCC_DYNAMIC_NO_PIC = NO;
				GCC_NO_COMMON_BLOCKS = YES;
				GCC_OPTIMIZATION_LEVEL = 0;
				GCC_PREPROCESSOR_DEFINITIONS = (
					"DEBUG=1",
					"$(inherited)",
				);
				GCC_WARN_64_TO_32_BIT_CONVERSION = YES;
				GCC_WARN_ABOUT_RETURN_TYPE = YES_ERROR;
				GCC_WARN_UNDECLARED_SELECTOR = YES;
				GCC_WARN_UNINITIALIZED_AUTOS = YES_AGGRESSIVE;
				GCC_WARN_UNUSED_FUNCTION = YES;
				GCC_WARN_UNUSED_VARIABLE = YES;
				IPHONEOS_DEPLOYMENT_TARGET = 15.5;
				MTL_ENABLE_DEBUG_INFO = INCLUDE_SOURCE;
				MTL_FAST_MATH = YES;
				ONLY_ACTIVE_ARCH = YES;
				SDKROOT = iphoneos;
				SWIFT_ACTIVE_COMPILATION_CONDITIONS = DEBUG;
				SWIFT_OPTIMIZATION_LEVEL = "-Onone";
			};
			name = Debug;
		};
		0F835D4428A3AD5D00378C5C /* Release */ = {
			isa = XCBuildConfiguration;
			buildSettings = {
				ALWAYS_SEARCH_USER_PATHS = NO;
				CLANG_ANALYZER_NONNULL = YES;
				CLANG_ANALYZER_NUMBER_OBJECT_CONVERSION = YES_AGGRESSIVE;
				CLANG_CXX_LANGUAGE_STANDARD = "gnu++17";
				CLANG_CXX_LIBRARY = "libc++";
				CLANG_ENABLE_MODULES = YES;
				CLANG_ENABLE_OBJC_ARC = YES;
				CLANG_ENABLE_OBJC_WEAK = YES;
				CLANG_WARN_BLOCK_CAPTURE_AUTORELEASING = YES;
				CLANG_WARN_BOOL_CONVERSION = YES;
				CLANG_WARN_COMMA = YES;
				CLANG_WARN_CONSTANT_CONVERSION = YES;
				CLANG_WARN_DEPRECATED_OBJC_IMPLEMENTATIONS = YES;
				CLANG_WARN_DIRECT_OBJC_ISA_USAGE = YES_ERROR;
				CLANG_WARN_DOCUMENTATION_COMMENTS = YES;
				CLANG_WARN_EMPTY_BODY = YES;
				CLANG_WARN_ENUM_CONVERSION = YES;
				CLANG_WARN_INFINITE_RECURSION = YES;
				CLANG_WARN_INT_CONVERSION = YES;
				CLANG_WARN_NON_LITERAL_NULL_CONVERSION = YES;
				CLANG_WARN_OBJC_IMPLICIT_RETAIN_SELF = YES;
				CLANG_WARN_OBJC_LITERAL_CONVERSION = YES;
				CLANG_WARN_OBJC_ROOT_CLASS = YES_ERROR;
				CLANG_WARN_QUOTED_INCLUDE_IN_FRAMEWORK_HEADER = YES;
				CLANG_WARN_RANGE_LOOP_ANALYSIS = YES;
				CLANG_WARN_STRICT_PROTOTYPES = YES;
				CLANG_WARN_SUSPICIOUS_MOVE = YES;
				CLANG_WARN_UNGUARDED_AVAILABILITY = YES_AGGRESSIVE;
				CLANG_WARN_UNREACHABLE_CODE = YES;
				CLANG_WARN__DUPLICATE_METHOD_MATCH = YES;
				COPY_PHASE_STRIP = NO;
				DEBUG_INFORMATION_FORMAT = "dwarf-with-dsym";
				ENABLE_NS_ASSERTIONS = NO;
				ENABLE_STRICT_OBJC_MSGSEND = YES;
				GCC_C_LANGUAGE_STANDARD = gnu11;
				GCC_NO_COMMON_BLOCKS = YES;
				GCC_WARN_64_TO_32_BIT_CONVERSION = YES;
				GCC_WARN_ABOUT_RETURN_TYPE = YES_ERROR;
				GCC_WARN_UNDECLARED_SELECTOR = YES;
				GCC_WARN_UNINITIALIZED_AUTOS = YES_AGGRESSIVE;
				GCC_WARN_UNUSED_FUNCTION = YES;
				GCC_WARN_UNUSED_VARIABLE = YES;
				IPHONEOS_DEPLOYMENT_TARGET = 15.5;
				MTL_ENABLE_DEBUG_INFO = NO;
				MTL_FAST_MATH = YES;
				SDKROOT = iphoneos;
				SWIFT_COMPILATION_MODE = wholemodule;
				SWIFT_OPTIMIZATION_LEVEL = "-O";
				VALIDATE_PRODUCT = YES;
			};
			name = Release;
		};
		0F835D4628A3AD5D00378C5C /* Debug */ = {
			isa = XCBuildConfiguration;
			buildSettings = {
				ASSETCATALOG_COMPILER_APPICON_NAME = AppIcon;
				ASSETCATALOG_COMPILER_GLOBAL_ACCENT_COLOR_NAME = AccentColor;
				CODE_SIGN_STYLE = Automatic;
				CURRENT_PROJECT_VERSION = 1;
				DEVELOPMENT_TEAM = QH22824823;
				GENERATE_INFOPLIST_FILE = YES;
				INFOPLIST_FILE = "HSBC connect/Info.plist";
				INFOPLIST_KEY_UIApplicationSupportsIndirectInputEvents = YES;
				INFOPLIST_KEY_UILaunchStoryboardName = LaunchScreen;
				INFOPLIST_KEY_UIMainStoryboardFile = Main;
				INFOPLIST_KEY_UISupportedInterfaceOrientations_iPad = "UIInterfaceOrientationPortrait UIInterfaceOrientationPortraitUpsideDown UIInterfaceOrientationLandscapeLeft UIInterfaceOrientationLandscapeRight";
				INFOPLIST_KEY_UISupportedInterfaceOrientations_iPhone = "UIInterfaceOrientationPortrait UIInterfaceOrientationLandscapeLeft UIInterfaceOrientationLandscapeRight";
				LD_RUNPATH_SEARCH_PATHS = (
					"$(inherited)",
					"@executable_path/Frameworks",
				);
				MARKETING_VERSION = 1.0;
				PRODUCT_BUNDLE_IDENTIFIER = unique.me;
				PRODUCT_NAME = "$(TARGET_NAME)";
				SWIFT_EMIT_LOC_STRINGS = YES;
				SWIFT_VERSION = 5.0;
				TARGETED_DEVICE_FAMILY = "1,2";
			};
			name = Debug;
		};
		0F835D4728A3AD5D00378C5C /* Release */ = {
			isa = XCBuildConfiguration;
			buildSettings = {
				ASSETCATALOG_COMPILER_APPICON_NAME = AppIcon;
				ASSETCATALOG_COMPILER_GLOBAL_ACCENT_COLOR_NAME = AccentColor;
				CODE_SIGN_STYLE = Automatic;
				CURRENT_PROJECT_VERSION = 1;
				DEVELOPMENT_TEAM = QH22824823;
				GENERATE_INFOPLIST_FILE = YES;
				INFOPLIST_FILE = "HSBC connect/Info.plist";
				INFOPLIST_KEY_UIApplicationSupportsIndirectInputEvents = YES;
				INFOPLIST_KEY_UILaunchStoryboardName = LaunchScreen;
				INFOPLIST_KEY_UIMainStoryboardFile = Main;
				INFOPLIST_KEY_UISupportedInterfaceOrientations_iPad = "UIInterfaceOrientationPortrait UIInterfaceOrientationPortraitUpsideDown UIInterfaceOrientationLandscapeLeft UIInterfaceOrientationLandscapeRight";
				INFOPLIST_KEY_UISupportedInterfaceOrientations_iPhone = "UIInterfaceOrientationPortrait UIInterfaceOrientationLandscapeLeft UIInterfaceOrientationLandscapeRight";
				LD_RUNPATH_SEARCH_PATHS = (
					"$(inherited)",
					"@executable_path/Frameworks",
				);
				MARKETING_VERSION = 1.0;
				PRODUCT_BUNDLE_IDENTIFIER = unique.me;
				PRODUCT_NAME = "$(TARGET_NAME)";
				SWIFT_EMIT_LOC_STRINGS = YES;
				SWIFT_VERSION = 5.0;
				TARGETED_DEVICE_FAMILY = "1,2";
			};
			name = Release;
		};
		0F835D4928A3AD5D00378C5C /* Debug */ = {
			isa = XCBuildConfiguration;
			buildSettings = {
				ALWAYS_EMBED_SWIFT_STANDARD_LIBRARIES = YES;
				BUNDLE_LOADER = "$(TEST_HOST)";
				CODE_SIGN_STYLE = Automatic;
				CURRENT_PROJECT_VERSION = 1;
				GENERATE_INFOPLIST_FILE = YES;
				IPHONEOS_DEPLOYMENT_TARGET = 15.2;
				MARKETING_VERSION = 1.0;
				PRODUCT_BUNDLE_IDENTIFIER = "ADIIE.HSBC-connectTests";
				PRODUCT_NAME = "$(TARGET_NAME)";
				SWIFT_EMIT_LOC_STRINGS = NO;
				SWIFT_VERSION = 5.0;
				TARGETED_DEVICE_FAMILY = "1,2";
				TEST_HOST = "$(BUILT_PRODUCTS_DIR)/HSBC connect.app/HSBC connect";
			};
			name = Debug;
		};
		0F835D4A28A3AD5D00378C5C /* Release */ = {
			isa = XCBuildConfiguration;
			buildSettings = {
				ALWAYS_EMBED_SWIFT_STANDARD_LIBRARIES = YES;
				BUNDLE_LOADER = "$(TEST_HOST)";
				CODE_SIGN_STYLE = Automatic;
				CURRENT_PROJECT_VERSION = 1;
				GENERATE_INFOPLIST_FILE = YES;
				IPHONEOS_DEPLOYMENT_TARGET = 15.2;
				MARKETING_VERSION = 1.0;
				PRODUCT_BUNDLE_IDENTIFIER = "ADIIE.HSBC-connectTests";
				PRODUCT_NAME = "$(TARGET_NAME)";
				SWIFT_EMIT_LOC_STRINGS = NO;
				SWIFT_VERSION = 5.0;
				TARGETED_DEVICE_FAMILY = "1,2";
				TEST_HOST = "$(BUILT_PRODUCTS_DIR)/HSBC connect.app/HSBC connect";
			};
			name = Release;
		};
		0F835D4C28A3AD5D00378C5C /* Debug */ = {
			isa = XCBuildConfiguration;
			buildSettings = {
				ALWAYS_EMBED_SWIFT_STANDARD_LIBRARIES = YES;
				CODE_SIGN_STYLE = Automatic;
				CURRENT_PROJECT_VERSION = 1;
				GENERATE_INFOPLIST_FILE = YES;
				MARKETING_VERSION = 1.0;
				PRODUCT_BUNDLE_IDENTIFIER = "ADIIE.HSBC-connectUITests";
				PRODUCT_NAME = "$(TARGET_NAME)";
				SWIFT_EMIT_LOC_STRINGS = NO;
				SWIFT_VERSION = 5.0;
				TARGETED_DEVICE_FAMILY = "1,2";
				TEST_TARGET_NAME = "HSBC connect";
			};
			name = Debug;
		};
		0F835D4D28A3AD5D00378C5C /* Release */ = {
			isa = XCBuildConfiguration;
			buildSettings = {
				ALWAYS_EMBED_SWIFT_STANDARD_LIBRARIES = YES;
				CODE_SIGN_STYLE = Automatic;
				CURRENT_PROJECT_VERSION = 1;
				GENERATE_INFOPLIST_FILE = YES;
				MARKETING_VERSION = 1.0;
				PRODUCT_BUNDLE_IDENTIFIER = "ADIIE.HSBC-connectUITests";
				PRODUCT_NAME = "$(TARGET_NAME)";
				SWIFT_EMIT_LOC_STRINGS = NO;
				SWIFT_VERSION = 5.0;
				TARGETED_DEVICE_FAMILY = "1,2";
				TEST_TARGET_NAME = "HSBC connect";
			};
			name = Release;
		};
/* End XCBuildConfiguration section */

/* Begin XCConfigurationList section */
		0F835D1628A3AD5900378C5C /* Build configuration list for PBXProject "HSBC connect" */ = {
			isa = XCConfigurationList;
			buildConfigurations = (
				0F835D4328A3AD5D00378C5C /* Debug */,
				0F835D4428A3AD5D00378C5C /* Release */,
			);
			defaultConfigurationIsVisible = 0;
			defaultConfigurationName = Release;
		};
		0F835D4528A3AD5D00378C5C /* Build configuration list for PBXNativeTarget "HSBC connect" */ = {
			isa = XCConfigurationList;
			buildConfigurations = (
				0F835D4628A3AD5D00378C5C /* Debug */,
				0F835D4728A3AD5D00378C5C /* Release */,
			);
			defaultConfigurationIsVisible = 0;
			defaultConfigurationName = Release;
		};
		0F835D4828A3AD5D00378C5C /* Build configuration list for PBXNativeTarget "HSBC connectTests" */ = {
			isa = XCConfigurationList;
			buildConfigurations = (
				0F835D4928A3AD5D00378C5C /* Debug */,
				0F835D4A28A3AD5D00378C5C /* Release */,
			);
			defaultConfigurationIsVisible = 0;
			defaultConfigurationName = Release;
		};
		0F835D4B28A3AD5D00378C5C /* Build configuration list for PBXNativeTarget "HSBC connectUITests" */ = {
			isa = XCConfigurationList;
			buildConfigurations = (
				0F835D4C28A3AD5D00378C5C /* Debug */,
				0F835D4D28A3AD5D00378C5C /* Release */,
			);
			defaultConfigurationIsVisible = 0;
			defaultConfigurationName = Release;
		};
/* End XCConfigurationList section */
	};
	rootObject = 0F835D1328A3AD5900378C5C /* Project object */;
}
